# THIS IS AN AUTOGENERATED FILE. DO NOT EDIT THIS FILE DIRECTLY.
# yarn lockfile v1


"@turbo/darwin-64@2.10.0":
  version "2.10.0"
  resolved "https://registry.yarnpkg.com/@turbo/darwin-64/-/darwin-64-2.10.0.tgz#891121a0086e7a3b05365b71d82c1e05041570f0"
  integrity sha512-EwvHThXzpY0KGd1/NAmuewI5D+aVa3Rl/OlxE36yfjUKb/+ySrfJrSlEFt8aD1OXwnnaHnQnPKHFndor0Zxlsg==

"@turbo/darwin-arm64@2.10.0":
  version "2.10.0"
  resolved "https://registry.yarnpkg.com/@turbo/darwin-arm64/-/darwin-arm64-2.10.0.tgz#8a7c528b0c4481c534c29223326ecb3850821bef"
  integrity sha512-9d2fTyyG0lf5Wq1bwJA9qUaeecViMkLcdctWaMMmCkxZ/JqypmqOwK3W6vmejeKVgkr06gSoiX8bD+xN5Jpxcg==

"@turbo/linux-64@2.10.0":
  version "2.10.0"
  resolved "https://registry.yarnpkg.com/@turbo/linux-64/-/linux-64-2.10.0.tgz#a7e3a3f1746dbc73c2cb8cffd69938a90f4a1a74"
  integrity sha512-sZBtjMuufitanjzi6UssoUpJMnnPlLMcdcJj3m3ptNsSq31Xh7MnjhwA5nWvLDTfEFg8GPcbYFXMo8vSdKRfqQ==

"@turbo/linux-arm64@2.10.0":
  version "2.10.0"
  resolved "https://registry.yarnpkg.com/@turbo/linux-arm64/-/linux-arm64-2.10.0.tgz#4a7b96117ed1e9aa5ed2abae47d1e9be5632ca89"
  integrity sha512-vkq/Z8R+1DQ+kifWFa810IjRy2NNBVvha3cg9sWA3nFh6nnGrHSMnnJKrzH7c/No9kq4Jb55Ru44YKsCSBgrKg==

"@turbo/windows-64@2.10.0":
  version "2.10.0"
  resolved "https://registry.yarnpkg.com/@turbo/windows-64/-/windows-64-2.10.0.tgz#c86568e19d0c0abd2452ca6c112db66f143a8499"
  integrity sha512-CRUEguLWxFQHptYZS7HjPhNhAFawfea07iR+xAQ5e4klgLrPCMdexBkXwSCwOxqTFknJ7RZFN3gOaADsw+Gttg==

"@turbo/windows-arm64@2.10.0":
  version "2.10.0"
  resolved "https://registry.yarnpkg.com/@turbo/windows-arm64/-/windows-arm64-2.10.0.tgz#d0c062c3ed8a1e66e342d07a16153bdc662b469c"
  integrity sha512-dVHGaf9F8twzgibcBqKoADT/LLqf9++jDb+hq/LPWWaOmRpp4M+/pVOm7vy4z9D++xg8eaxWLT0+wQxFwhYu9A==

clsx@^2.1.1:
  version "2.1.1"
  resolved "https://registry.yarnpkg.com/clsx/-/clsx-2.1.1.tgz#eed397c9fd8bd882bfb18deab7102049a2f32999"
  integrity sha512-eYm0QWBtUrBWZWG0d386OGAw16Z995PiOVo2B7bjWSbHedGl5e0ZWaq65kOGgUSNesEIDkB9ISbTg/JK9dhCZA==

tailwind-merge@^3.6.0:
  version "3.6.0"
  resolved "https://registry.yarnpkg.com/tailwind-merge/-/tailwind-merge-3.6.0.tgz#88d83242d1dd7bc847223f73dcf210dd1f2ee11c"
  integrity sha512-uxL7qAVQriqRQPAyK3pj66VqskWqoZ37PW94jwOTwNfq/z9oyu1V+eqrZqtR2+fCiXdYOZe/Modt8GtvqNzu+w==

turbo@^2.0.0:
  version "2.10.0"
  resolved "https://registry.yarnpkg.com/turbo/-/turbo-2.10.0.tgz#ad79bf82762a078a0f6fc98c2299cede774ff3f1"
  integrity sha512-o016H9PPtuH2deb3mh3Vci3Avfi9UYgM/RONQisY7HnloupP0IFSbFS3gFYJgFJP8nwBrByHWFQIDa8T2zIXPw==
  optionalDependencies:
    "@turbo/darwin-64" "2.10.0"
    "@turbo/darwin-arm64" "2.10.0"
    "@turbo/linux-64" "2.10.0"
    "@turbo/linux-arm64" "2.10.0"
    "@turbo/windows-64" "2.10.0"
    "@turbo/windows-arm64" "2.10.0"
